# typr.lock — generated by `typr types`, commit this file.
# See typR/registry.md §7.1 and rfcs/0031-external-type-definitions.md.

[[definition]]
package = "sprocket"
repository = "github:test/typr-sprocket"
version = "0.1.0"
rev = "0000000000000000000000000000000000000000"
digest = "sha256:1fbb5cf3c47e33fea5012716e2b2667f221fad0b69db66c705e347258d9bc8b7"
tier = "T1"
r_version_seen = "1.0.0"
