# typr.lock — generated by `typr types`, commit this file.
# See typR/registry.md §7.1 and rfcs/0031-external-type-definitions.md.

[[definition]]
package = "gizmo"
repository = "github:test/typr-gizmo"
version = "0.1.0"
rev = "0000000000000000000000000000000000000000"
digest = "sha256:35ec2ef2f2cb7a5cdb1558be7846c2630f6be628afc09b1690ceda337263ea88"
tier = "T3"
